
Microsoft Visual Studio Solution File, Format Version 12.00
# Visual Studio Version 16
VisualStudioVersion = 25.0.1706.4
MinimumVisualStudioVersion = 10.0.40219.1
Project("{FAE04EC0-301F-11D3-BF4B-00C04F79EFBC}") = "NumberInterpolation", "NumberInterpolation\NumberInterpolation.csproj", "{6ECBC4E4-F6D8-48EB-92FD-03329CD1F5BE}"
EndProject
Project("{FAE04EC0-301F-11D3-BF4B-00C04F79EFBC}") = "NumberInterpolationTests", "NumberInterpolationTests\NumberInterpolationTests.csproj", "{9D6664F4-5ECE-487C-853A-E968AD33C128}"
EndProject
Project("{2150E333-8FDC-42A3-9474-1A3956D46DE8}") = "Solution Items", "Solution Items", "{1698E3CA-04D0-45BA-8D05-6E4A1B6F9C3B}"
	ProjectSection(SolutionItems) = preProject
		README.md = README.md
		.gitignore = .gitignore
	EndProjectSection
EndProject
Global
	GlobalSection(SolutionConfigurationPlatforms) = preSolution
		Debug|Any CPU = Debug|Any CPU
		Release|Any CPU = Release|Any CPU
	EndGlobalSection
	GlobalSection(ProjectConfigurationPlatforms) = postSolution
		{6ECBC4E4-F6D8-48EB-92FD-03329CD1F5BE}.Debug|Any CPU.ActiveCfg = Debug|Any CPU
		{6ECBC4E4-F6D8-48EB-92FD-03329CD1F5BE}.Debug|Any CPU.Build.0 = Debug|Any CPU
		{6ECBC4E4-F6D8-48EB-92FD-03329CD1F5BE}.Release|Any CPU.ActiveCfg = Release|Any CPU
		{6ECBC4E4-F6D8-48EB-92FD-03329CD1F5BE}.Release|Any CPU.Build.0 = Release|Any CPU
		{9D6664F4-5ECE-487C-853A-E968AD33C128}.Debug|Any CPU.ActiveCfg = Debug|Any CPU
		{9D6664F4-5ECE-487C-853A-E968AD33C128}.Debug|Any CPU.Build.0 = Debug|Any CPU
		{9D6664F4-5ECE-487C-853A-E968AD33C128}.Release|Any CPU.ActiveCfg = Release|Any CPU
		{9D6664F4-5ECE-487C-853A-E968AD33C128}.Release|Any CPU.Build.0 = Release|Any CPU
	EndGlobalSection
	GlobalSection(SolutionProperties) = preSolution
		HideSolutionNode = FALSE
	EndGlobalSection
	GlobalSection(ExtensibilityGlobals) = postSolution
		SolutionGuid = {D0DDAF8B-5C7E-4A85-ADF4-3CDAE7182D41}
	EndGlobalSection
EndGlobal
